
Microsoft Visual Studio Solution File, Format Version 9.00
# Visual Studio 2005
Project("{F184B08F-C81C-45F6-A57F-5ABD9991F28F}") = "AgLibrary", "AgLibrary.vbproj", "{322781C0-B789-47D0-9DA8-44C6C3C72E7F}"
EndProject
Global
	GlobalSection(SolutionConfigurationPlatforms) = preSolution
		Debug|Any CPU = Debug|Any CPU
		Release|Any CPU = Release|Any CPU
	EndGlobalSection
	GlobalSection(ProjectConfigurationPlatforms) = postSolution
		{322781C0-B789-47D0-9DA8-44C6C3C72E7F}.Debug|Any CPU.ActiveCfg = Debug|Any CPU
		{322781C0-B789-47D0-9DA8-44C6C3C72E7F}.Debug|Any CPU.Build.0 = Debug|Any CPU
		{322781C0-B789-47D0-9DA8-44C6C3C72E7F}.Release|Any CPU.ActiveCfg = Release|Any CPU
		{322781C0-B789-47D0-9DA8-44C6C3C72E7F}.Release|Any CPU.Build.0 = Release|Any CPU
	EndGlobalSection
	GlobalSection(SolutionProperties) = preSolution
		HideSolutionNode = FALSE
	EndGlobalSection
EndGlobal
